
Microsoft Visual Studio Solution File, Format Version 12.00
# Visual Studio Version 16
VisualStudioVersion = 16.0.30413.136
MinimumVisualStudioVersion = 10.0.40219.1
Project("{FAE04EC0-301F-11D3-BF4B-00C04F79EFBC}") = "积分赛算分系统", "积分赛算分系统\积分赛算分系统.csproj", "{1E37B052-10E3-4575-9336-369A02A824D2}"
EndProject
Global
	GlobalSection(SolutionConfigurationPlatforms) = preSolution
		Debug|Any CPU = Debug|Any CPU
		Release|Any CPU = Release|Any CPU
	EndGlobalSection
	GlobalSection(ProjectConfigurationPlatforms) = postSolution
		{1E37B052-10E3-4575-9336-369A02A824D2}.Debug|Any CPU.ActiveCfg = Debug|Any CPU
		{1E37B052-10E3-4575-9336-369A02A824D2}.Debug|Any CPU.Build.0 = Debug|Any CPU
		{1E37B052-10E3-4575-9336-369A02A824D2}.Release|Any CPU.ActiveCfg = Release|Any CPU
		{1E37B052-10E3-4575-9336-369A02A824D2}.Release|Any CPU.Build.0 = Release|Any CPU
	EndGlobalSection
	GlobalSection(SolutionProperties) = preSolution
		HideSolutionNode = FALSE
	EndGlobalSection
	GlobalSection(ExtensibilityGlobals) = postSolution
		SolutionGuid = {27F52A1F-F559-4CAA-B887-CC872246C95F}
	EndGlobalSection
EndGlobal
